
Microsoft Visual Studio Solution File, Format Version 12.00
# Visual Studio Version 16
VisualStudioVersion = 16.0.30804.86
MinimumVisualStudioVersion = 10.0.40219.1
Project("{FAE04EC0-301F-11D3-BF4B-00C04F79EFBC}") = "calc", "calc.csproj", "{A032DC00-2799-44A2-8351-C3DFB076986A}"
EndProject
Global
	GlobalSection(SolutionConfigurationPlatforms) = preSolution
		Debug|Any CPU = Debug|Any CPU
		Release|Any CPU = Release|Any CPU
	EndGlobalSection
	GlobalSection(ProjectConfigurationPlatforms) = postSolution
		{A032DC00-2799-44A2-8351-C3DFB076986A}.Debug|Any CPU.ActiveCfg = Debug|Any CPU
		{A032DC00-2799-44A2-8351-C3DFB076986A}.Debug|Any CPU.Build.0 = Debug|Any CPU
		{A032DC00-2799-44A2-8351-C3DFB076986A}.Release|Any CPU.ActiveCfg = Release|Any CPU
		{A032DC00-2799-44A2-8351-C3DFB076986A}.Release|Any CPU.Build.0 = Release|Any CPU
	EndGlobalSection
	GlobalSection(SolutionProperties) = preSolution
		HideSolutionNode = FALSE
	EndGlobalSection
	GlobalSection(ExtensibilityGlobals) = postSolution
		SolutionGuid = {0C93F4CC-2BBD-48C0-B63B-49C88A63E644}
	EndGlobalSection
EndGlobal
